
Microsoft Visual Studio Solution File, Format Version 12.00
# Visual Studio Version 17
VisualStudioVersion = 17.0.32014.148
MinimumVisualStudioVersion = 10.0.40219.1
Project("{9A19103F-16F7-4668-BE54-9A1E7A4F7556}") = "SkipIntro", "SkipIntro\SkipIntro.csproj", "{AAFFA24F-B279-449C-A33B-FB57E275428E}"
EndProject
Project("{9A19103F-16F7-4668-BE54-9A1E7A4F7556}") = "CustomSkins", "CustomSkins\CustomSkins.csproj", "{1545BD0C-DC4D-4321-BF3A-E00DEEB5BB98}"
EndProject
Project("{9A19103F-16F7-4668-BE54-9A1E7A4F7556}") = "Arena", "Arena\Arena.csproj", "{576E51F0-9CC3-4CE5-B14E-FABCEADC7B14}"
EndProject
Project("{9A19103F-16F7-4668-BE54-9A1E7A4F7556}") = "StageSelect", "StageSelect\StageSelect.csproj", "{06FA5BAC-4388-416E-B60F-AADAFD9F0ED0}"
EndProject
Project("{2150E333-8FDC-42A3-9474-1A3956D46DE8}") = "targets", "targets", "{E295C97E-9011-4990-ADF6-70CDC3E8E69E}"
	ProjectSection(SolutionItems) = preProject
		common.targets = common.targets
		private.targets = private.targets
	EndProjectSection
EndProject
Project("{9A19103F-16F7-4668-BE54-9A1E7A4F7556}") = "IronTurtle", "IronTurtle\IronTurtle.csproj", "{05BEA529-D323-4ED7-8217-C686A40C3A21}"
EndProject
Global
	GlobalSection(SolutionConfigurationPlatforms) = preSolution
		Debug|Any CPU = Debug|Any CPU
		Release|Any CPU = Release|Any CPU
	EndGlobalSection
	GlobalSection(ProjectConfigurationPlatforms) = postSolution
		{AAFFA24F-B279-449C-A33B-FB57E275428E}.Debug|Any CPU.ActiveCfg = Debug|Any CPU
		{AAFFA24F-B279-449C-A33B-FB57E275428E}.Debug|Any CPU.Build.0 = Debug|Any CPU
		{AAFFA24F-B279-449C-A33B-FB57E275428E}.Release|Any CPU.ActiveCfg = Release|Any CPU
		{AAFFA24F-B279-449C-A33B-FB57E275428E}.Release|Any CPU.Build.0 = Release|Any CPU
		{1545BD0C-DC4D-4321-BF3A-E00DEEB5BB98}.Debug|Any CPU.ActiveCfg = Debug|Any CPU
		{1545BD0C-DC4D-4321-BF3A-E00DEEB5BB98}.Debug|Any CPU.Build.0 = Debug|Any CPU
		{1545BD0C-DC4D-4321-BF3A-E00DEEB5BB98}.Release|Any CPU.ActiveCfg = Release|Any CPU
		{1545BD0C-DC4D-4321-BF3A-E00DEEB5BB98}.Release|Any CPU.Build.0 = Release|Any CPU
		{576E51F0-9CC3-4CE5-B14E-FABCEADC7B14}.Debug|Any CPU.ActiveCfg = Debug|Any CPU
		{576E51F0-9CC3-4CE5-B14E-FABCEADC7B14}.Debug|Any CPU.Build.0 = Debug|Any CPU
		{576E51F0-9CC3-4CE5-B14E-FABCEADC7B14}.Release|Any CPU.ActiveCfg = Release|Any CPU
		{576E51F0-9CC3-4CE5-B14E-FABCEADC7B14}.Release|Any CPU.Build.0 = Release|Any CPU
		{06FA5BAC-4388-416E-B60F-AADAFD9F0ED0}.Debug|Any CPU.ActiveCfg = Debug|Any CPU
		{06FA5BAC-4388-416E-B60F-AADAFD9F0ED0}.Debug|Any CPU.Build.0 = Debug|Any CPU
		{06FA5BAC-4388-416E-B60F-AADAFD9F0ED0}.Release|Any CPU.ActiveCfg = Release|Any CPU
		{06FA5BAC-4388-416E-B60F-AADAFD9F0ED0}.Release|Any CPU.Build.0 = Release|Any CPU
		{05BEA529-D323-4ED7-8217-C686A40C3A21}.Debug|Any CPU.ActiveCfg = Debug|Any CPU
		{05BEA529-D323-4ED7-8217-C686A40C3A21}.Debug|Any CPU.Build.0 = Debug|Any CPU
		{05BEA529-D323-4ED7-8217-C686A40C3A21}.Release|Any CPU.ActiveCfg = Release|Any CPU
		{05BEA529-D323-4ED7-8217-C686A40C3A21}.Release|Any CPU.Build.0 = Release|Any CPU
	EndGlobalSection
	GlobalSection(SolutionProperties) = preSolution
		HideSolutionNode = FALSE
	EndGlobalSection
	GlobalSection(ExtensibilityGlobals) = postSolution
		SolutionGuid = {0072A22A-C753-4106-9693-E504FE2C2ECC}
	EndGlobalSection
EndGlobal
